// !$*UTF8*$!
{
	archiveVersion = 1;
	classes = {
	};
	objectVersion = 56;
	objects = {

/* Begin PBXBuildFile section */
		4322EEEE2C3A8488000D20BD /* FLHomeViewController.swift in Sources */ = {isa = PBXBuildFile; fileRef = 4322EEED2C3A8488000D20BD /* FLHomeViewController.swift */; };
		4322EEF02C3A84A3000D20BD /* FLBaseViewController.swift in Sources */ = {isa = PBXBuildFile; fileRef = 4322EEEF2C3A84A3000D20BD /* FLBaseViewController.swift */; };
		4322EEF22C3A8537000D20BD /* FLBaseNavigationController.swift in Sources */ = {isa = PBXBuildFile; fileRef = 4322EEF12C3A8537000D20BD /* FLBaseNavigationController.swift */; };
		4322EEF52C3A88FA000D20BD /* Head.swift in Sources */ = {isa = PBXBuildFile; fileRef = 4322EEF42C3A88FA000D20BD /* Head.swift */; };
		4322EEF82C3A8ECE000D20BD /* BaseGroupTableViewCell.swift in Sources */ = {isa = PBXBuildFile; fileRef = 4322EEF72C3A8ECE000D20BD /* BaseGroupTableViewCell.swift */; };
		4322EEFB2C3A9389000D20BD /* String+Extension.swift in Sources */ = {isa = PBXBuildFile; fileRef = 4322EEFA2C3A9389000D20BD /* String+Extension.swift */; };
		4322EEFF2C3AE52E000D20BD /* UIColor+Extension.swift in Sources */ = {isa = PBXBuildFile; fileRef = 4322EEFE2C3AE52E000D20BD /* UIColor+Extension.swift */; };
		433072A12C3FC23E007FADED /* Array+Extension.swift in Sources */ = {isa = PBXBuildFile; fileRef = 433072A02C3FC23E007FADED /* Array+Extension.swift */; };
		433072A32C3FD21B007FADED /* SummaryHomeVC.swift in Sources */ = {isa = PBXBuildFile; fileRef = 433072A22C3FD21B007FADED /* SummaryHomeVC.swift */; };
		433072A52C40D32E007FADED /* StructDetailVC.swift in Sources */ = {isa = PBXBuildFile; fileRef = 433072A42C40D32E007FADED /* StructDetailVC.swift */; };
		433072A72C40EBAB007FADED /* SystemTypeVC.swift in Sources */ = {isa = PBXBuildFile; fileRef = 433072A62C40EBAB007FADED /* SystemTypeVC.swift */; };
		433072A92C40F15D007FADED /* SystemValueTypeVC.swift in Sources */ = {isa = PBXBuildFile; fileRef = 433072A82C40F15D007FADED /* SystemValueTypeVC.swift */; };
		433072AB2C40F178007FADED /* SystemReferenceTypeVC.swift in Sources */ = {isa = PBXBuildFile; fileRef = 433072AA2C40F178007FADED /* SystemReferenceTypeVC.swift */; };
		43581D8F2C4B9BC6004F154C /* DispatchQueue+Extension.swift in Sources */ = {isa = PBXBuildFile; fileRef = 43581D8E2C4B9BC6004F154C /* DispatchQueue+Extension.swift */; };
		43581D912C4BAE50004F154C /* FLAsyncs.swift in Sources */ = {isa = PBXBuildFile; fileRef = 43581D902C4BAE50004F154C /* FLAsyncs.swift */; };
		43581D932C4BC36D004F154C /* GCDViewController.swift in Sources */ = {isa = PBXBuildFile; fileRef = 43581D922C4BC36D004F154C /* GCDViewController.swift */; };
		436E2B062C533BD200A93DC7 /* NavigationControllerManager.swift in Sources */ = {isa = PBXBuildFile; fileRef = 436E2B052C533BD200A93DC7 /* NavigationControllerManager.swift */; };
		437E5EA62C3C3D1D001B7945 /* BasePlainTableViewCell.swift in Sources */ = {isa = PBXBuildFile; fileRef = 437E5EA52C3C3D1D001B7945 /* BasePlainTableViewCell.swift */; };
		438A7AA92C899781005CFCF1 /* FLPopMenu.swift in Sources */ = {isa = PBXBuildFile; fileRef = 438A7AA82C899781005CFCF1 /* FLPopMenu.swift */; };
		438A7AAE2C89B362005CFCF1 /* UIView+Extension.swift in Sources */ = {isa = PBXBuildFile; fileRef = 438A7AAD2C89B362005CFCF1 /* UIView+Extension.swift */; };
		438A811F2C5A2A5B00774B7B /* LibraryHomeViewController.swift in Sources */ = {isa = PBXBuildFile; fileRef = 438A811E2C5A2A5B00774B7B /* LibraryHomeViewController.swift */; };
		438A81212C5A2C1B00774B7B /* KingfisherViewController.swift in Sources */ = {isa = PBXBuildFile; fileRef = 438A81202C5A2C1B00774B7B /* KingfisherViewController.swift */; };
		439084B12C6E49D100ACA9A2 /* KeyWordViewController.swift in Sources */ = {isa = PBXBuildFile; fileRef = 439084B02C6E49D100ACA9A2 /* KeyWordViewController.swift */; };
		43A4D0EB2C783B420029FFB0 /* ExceptionViewController.swift in Sources */ = {isa = PBXBuildFile; fileRef = 43A4D0EA2C783B420029FFB0 /* ExceptionViewController.swift */; };
		43C570BD2C4412B400E7ECB3 /* CGPointExtensionVC.swift in Sources */ = {isa = PBXBuildFile; fileRef = 43C570BC2C4412B400E7ECB3 /* CGPointExtensionVC.swift */; };
		43C570BF2C4413F900E7ECB3 /* CGPoint+Extension.swift in Sources */ = {isa = PBXBuildFile; fileRef = 43C570BE2C4413F900E7ECB3 /* CGPoint+Extension.swift */; };
		43C570C12C441B3600E7ECB3 /* DispatchQueueExtensionVC.swift in Sources */ = {isa = PBXBuildFile; fileRef = 43C570C02C441B3600E7ECB3 /* DispatchQueueExtensionVC.swift */; };
		43D40A052C560974009F1260 /* NSThreadViewController.swift in Sources */ = {isa = PBXBuildFile; fileRef = 43D40A042C560974009F1260 /* NSThreadViewController.swift */; };
		43D40A072C5639E4009F1260 /* OperationQueuesVC.swift in Sources */ = {isa = PBXBuildFile; fileRef = 43D40A062C5639E4009F1260 /* OperationQueuesVC.swift */; };
		43DCF1D82C5BE4CA007E25D0 /* Int+Extension.swift in Sources */ = {isa = PBXBuildFile; fileRef = 43DCF1D72C5BE4CA007E25D0 /* Int+Extension.swift */; };
		43F1513E2C392EFA003584DD /* AppDelegate.swift in Sources */ = {isa = PBXBuildFile; fileRef = 43F1513D2C392EFA003584DD /* AppDelegate.swift */; };
		43F151402C392EFA003584DD /* SceneDelegate.swift in Sources */ = {isa = PBXBuildFile; fileRef = 43F1513F2C392EFA003584DD /* SceneDelegate.swift */; };
		43F151422C392EFA003584DD /* ViewController.swift in Sources */ = {isa = PBXBuildFile; fileRef = 43F151412C392EFA003584DD /* ViewController.swift */; };
		43F151452C392EFA003584DD /* Base in Resources */ = {isa = PBXBuildFile; fileRef = 43F151442C392EFA003584DD /* Base */; };
		43F151472C392EFC003584DD /* Assets.xcassets in Resources */ = {isa = PBXBuildFile; fileRef = 43F151462C392EFC003584DD /* Assets.xcassets */; };
		43F1514A2C392EFC003584DD /* Base in Resources */ = {isa = PBXBuildFile; fileRef = 43F151492C392EFC003584DD /* Base */; };
		43F151552C392EFD003584DD /* IOS_SwiftTests.swift in Sources */ = {isa = PBXBuildFile; fileRef = 43F151542C392EFD003584DD /* IOS_SwiftTests.swift */; };
		43F1515F2C392EFD003584DD /* IOS_SwiftUITests.swift in Sources */ = {isa = PBXBuildFile; fileRef = 43F1515E2C392EFD003584DD /* IOS_SwiftUITests.swift */; };
		43F151612C392EFD003584DD /* IOS_SwiftUITestsLaunchTests.swift in Sources */ = {isa = PBXBuildFile; fileRef = 43F151602C392EFD003584DD /* IOS_SwiftUITestsLaunchTests.swift */; };
		43F2958F2C76E18100E5A212 /* ChatHomeViewController.swift in Sources */ = {isa = PBXBuildFile; fileRef = 43F2958E2C76E18100E5A212 /* ChatHomeViewController.swift */; };
		43F295912C76E5DD00E5A212 /* SQLiteViewController.swift in Sources */ = {isa = PBXBuildFile; fileRef = 43F295902C76E5DD00E5A212 /* SQLiteViewController.swift */; };
		43F295932C76F20400E5A212 /* DatabaseManager.swift in Sources */ = {isa = PBXBuildFile; fileRef = 43F295922C76F20400E5A212 /* DatabaseManager.swift */; };
		43F295952C77194100E5A212 /* SingletonViewController.swift in Sources */ = {isa = PBXBuildFile; fileRef = 43F295942C77194100E5A212 /* SingletonViewController.swift */; };
		43F295972C771AA100E5A212 /* Singleton.swift in Sources */ = {isa = PBXBuildFile; fileRef = 43F295962C771AA100E5A212 /* Singleton.swift */; };
		43FF21B22C3D66E8007F386C /* FLExtensionHomeVC.swift in Sources */ = {isa = PBXBuildFile; fileRef = 43FF21B12C3D66E8007F386C /* FLExtensionHomeVC.swift */; };
		43FF21B42C3D6B83007F386C /* FLUIKitExtensionVC.swift in Sources */ = {isa = PBXBuildFile; fileRef = 43FF21B32C3D6B83007F386C /* FLUIKitExtensionVC.swift */; };
		43FF21B62C3D6EF9007F386C /* FLFoundationExtensionVC.swift in Sources */ = {isa = PBXBuildFile; fileRef = 43FF21B52C3D6EF9007F386C /* FLFoundationExtensionVC.swift */; };
		43FF21B82C3E2460007F386C /* FLArrayExtensionVC.swift in Sources */ = {isa = PBXBuildFile; fileRef = 43FF21B72C3E2460007F386C /* FLArrayExtensionVC.swift */; };
		43FF21BB2C3E28B1007F386C /* FLPrint.swift in Sources */ = {isa = PBXBuildFile; fileRef = 43FF21BA2C3E28B1007F386C /* FLPrint.swift */; };
		43FF21BD2C3E31B1007F386C /* FLPop.swift in Sources */ = {isa = PBXBuildFile; fileRef = 43FF21BC2C3E31B1007F386C /* FLPop.swift */; };
		43FF21BF2C3E3353007F386C /* Date+Extension.swift in Sources */ = {isa = PBXBuildFile; fileRef = 43FF21BE2C3E3353007F386C /* Date+Extension.swift */; };
		43FF21C12C3E4001007F386C /* DateFormatter+Extension.swift in Sources */ = {isa = PBXBuildFile; fileRef = 43FF21C02C3E4001007F386C /* DateFormatter+Extension.swift */; };
		43FF21C32C3E4463007F386C /* FileManager+Extension.swift in Sources */ = {isa = PBXBuildFile; fileRef = 43FF21C22C3E4463007F386C /* FileManager+Extension.swift */; };
		63254E03D5F11F630AB1C457 /* Pods_IOS_Swift_IOS_SwiftUITests.framework in Frameworks */ = {isa = PBXBuildFile; fileRef = 9B1690CEF97BA473EC5CC414 /* Pods_IOS_Swift_IOS_SwiftUITests.framework */; };
		DDE179E1E27632B0BDC9E72D /* Pods_IOS_SwiftTests.framework in Frameworks */ = {isa = PBXBuildFile; fileRef = 00FB8EEDEE802B8B0A3D2363 /* Pods_IOS_SwiftTests.framework */; };
		E1C7828E9876E76DF2AAF177 /* Pods_IOS_Swift.framework in Frameworks */ = {isa = PBXBuildFile; fileRef = E564A45C16F973C1C0A05BCF /* Pods_IOS_Swift.framework */; };
/* End PBXBuildFile section */

/* Begin PBXContainerItemProxy section */
		43F151512C392EFD003584DD /* PBXContainerItemProxy */ = {
			isa = PBXContainerItemProxy;
			containerPortal = 43F151322C392EFA003584DD /* Project object */;
			proxyType = 1;
			remoteGlobalIDString = 43F151392C392EFA003584DD;
			remoteInfo = "IOS-Swift";
		};
		43F1515B2C392EFD003584DD /* PBXContainerItemProxy */ = {
			isa = PBXContainerItemProxy;
			containerPortal = 43F151322C392EFA003584DD /* Project object */;
			proxyType = 1;
			remoteGlobalIDString = 43F151392C392EFA003584DD;
			remoteInfo = "IOS-Swift";
		};
/* End PBXContainerItemProxy section */

/* Begin PBXFileReference section */
		00FB8EEDEE802B8B0A3D2363 /* Pods_IOS_SwiftTests.framework */ = {isa = PBXFileReference; explicitFileType = wrapper.framework; includeInIndex = 0; path = Pods_IOS_SwiftTests.framework; sourceTree = BUILT_PRODUCTS_DIR; };
		14BF6FD74FEDA2B5291E1485 /* Pods-IOS-SwiftTests.release.xcconfig */ = {isa = PBXFileReference; includeInIndex = 1; lastKnownFileType = text.xcconfig; name = "Pods-IOS-SwiftTests.release.xcconfig"; path = "Target Support Files/Pods-IOS-SwiftTests/Pods-IOS-SwiftTests.release.xcconfig"; sourceTree = "<group>"; };
		4322EEED2C3A8488000D20BD /* FLHomeViewController.swift */ = {isa = PBXFileReference; fileEncoding = 4; lastKnownFileType = sourcecode.swift; name = FLHomeViewController.swift; path = "IOS-Swift/MainVC/Controller/FLHomeViewController.swift"; sourceTree = SOURCE_ROOT; };
		4322EEEF2C3A84A3000D20BD /* FLBaseViewController.swift */ = {isa = PBXFileReference; fileEncoding = 4; lastKnownFileType = sourcecode.swift; name = FLBaseViewController.swift; path = BaseClasses/FLBaseViewController.swift; sourceTree = "<group>"; };
		4322EEF12C3A8537000D20BD /* FLBaseNavigationController.swift */ = {isa = PBXFileReference; lastKnownFileType = sourcecode.swift; name = FLBaseNavigationController.swift; path = BaseClasses/FLBaseNavigationController.swift; sourceTree = "<group>"; };
		4322EEF42C3A88FA000D20BD /* Head.swift */ = {isa = PBXFileReference; lastKnownFileType = sourcecode.swift; path = Head.swift; sourceTree = "<group>"; };
		4322EEF72C3A8ECE000D20BD /* BaseGroupTableViewCell.swift */ = {isa = PBXFileReference; lastKnownFileType = sourcecode.swift; name = BaseGroupTableViewCell.swift; path = BaseClasses/View/BaseGroupTableViewCell.swift; sourceTree = "<group>"; };
		4322EEFA2C3A9389000D20BD /* String+Extension.swift */ = {isa = PBXFileReference; lastKnownFileType = sourcecode.swift; path = "String+Extension.swift"; sourceTree = "<group>"; };
		4322EEFE2C3AE52E000D20BD /* UIColor+Extension.swift */ = {isa = PBXFileReference; lastKnownFileType = sourcecode.swift; path = "UIColor+Extension.swift"; sourceTree = "<group>"; };
		433072A02C3FC23E007FADED /* Array+Extension.swift */ = {isa = PBXFileReference; lastKnownFileType = sourcecode.swift; path = "Array+Extension.swift"; sourceTree = "<group>"; };
		433072A22C3FD21B007FADED /* SummaryHomeVC.swift */ = {isa = PBXFileReference; lastKnownFileType = sourcecode.swift; name = SummaryHomeVC.swift; path = Controller/SummaryHomeVC.swift; sourceTree = "<group>"; };
		433072A42C40D32E007FADED /* StructDetailVC.swift */ = {isa = PBXFileReference; lastKnownFileType = sourcecode.swift; name = StructDetailVC.swift; path = Controller/StructDetailVC.swift; sourceTree = "<group>"; };
		433072A62C40EBAB007FADED /* SystemTypeVC.swift */ = {isa = PBXFileReference; lastKnownFileType = sourcecode.swift; name = SystemTypeVC.swift; path = Controller/SystemTypeVC.swift; sourceTree = "<group>"; };
		433072A82C40F15D007FADED /* SystemValueTypeVC.swift */ = {isa = PBXFileReference; lastKnownFileType = sourcecode.swift; name = SystemValueTypeVC.swift; path = Controller/SystemValueTypeVC.swift; sourceTree = "<group>"; };
		433072AA2C40F178007FADED /* SystemReferenceTypeVC.swift */ = {isa = PBXFileReference; lastKnownFileType = sourcecode.swift; name = SystemReferenceTypeVC.swift; path = Controller/SystemReferenceTypeVC.swift; sourceTree = "<group>"; };
		43581D8E2C4B9BC6004F154C /* DispatchQueue+Extension.swift */ = {isa = PBXFileReference; lastKnownFileType = sourcecode.swift; path = "DispatchQueue+Extension.swift"; sourceTree = "<group>"; };
		43581D902C4BAE50004F154C /* FLAsyncs.swift */ = {isa = PBXFileReference; lastKnownFileType = sourcecode.swift; path = FLAsyncs.swift; sourceTree = "<group>"; };
		43581D922C4BC36D004F154C /* GCDViewController.swift */ = {isa = PBXFileReference; lastKnownFileType = sourcecode.swift; name = GCDViewController.swift; path = Controller/GCDViewController.swift; sourceTree = "<group>"; };
		436E2B052C533BD200A93DC7 /* NavigationControllerManager.swift */ = {isa = PBXFileReference; lastKnownFileType = sourcecode.swift; path = NavigationControllerManager.swift; sourceTree = "<group>"; };
		437E5EA52C3C3D1D001B7945 /* BasePlainTableViewCell.swift */ = {isa = PBXFileReference; lastKnownFileType = sourcecode.swift; name = BasePlainTableViewCell.swift; path = BaseClasses/View/BasePlainTableViewCell.swift; sourceTree = "<group>"; };
		438A7AA82C899781005CFCF1 /* FLPopMenu.swift */ = {isa = PBXFileReference; lastKnownFileType = sourcecode.swift; path = FLPopMenu.swift; sourceTree = "<group>"; };
		438A7AAD2C89B362005CFCF1 /* UIView+Extension.swift */ = {isa = PBXFileReference; lastKnownFileType = sourcecode.swift; path = "UIView+Extension.swift"; sourceTree = "<group>"; };
		438A811E2C5A2A5B00774B7B /* LibraryHomeViewController.swift */ = {isa = PBXFileReference; lastKnownFileType = sourcecode.swift; name = LibraryHomeViewController.swift; path = Controller/LibraryHomeViewController.swift; sourceTree = "<group>"; };
		438A81202C5A2C1B00774B7B /* KingfisherViewController.swift */ = {isa = PBXFileReference; lastKnownFileType = sourcecode.swift; name = KingfisherViewController.swift; path = Controller/KingfisherViewController.swift; sourceTree = "<group>"; };
		439084B02C6E49D100ACA9A2 /* KeyWordViewController.swift */ = {isa = PBXFileReference; lastKnownFileType = sourcecode.swift; name = KeyWordViewController.swift; path = Controller/KeyWordViewController.swift; sourceTree = "<group>"; };
		43A4D0EA2C783B420029FFB0 /* ExceptionViewController.swift */ = {isa = PBXFileReference; lastKnownFileType = sourcecode.swift; name = ExceptionViewController.swift; path = Controller/ExceptionViewController.swift; sourceTree = "<group>"; };
		43C570BC2C4412B400E7ECB3 /* CGPointExtensionVC.swift */ = {isa = PBXFileReference; lastKnownFileType = sourcecode.swift; name = CGPointExtensionVC.swift; path = Controller/CGPointExtensionVC.swift; sourceTree = "<group>"; };
		43C570BE2C4413F900E7ECB3 /* CGPoint+Extension.swift */ = {isa = PBXFileReference; lastKnownFileType = sourcecode.swift; path = "CGPoint+Extension.swift"; sourceTree = "<group>"; };
		43C570C02C441B3600E7ECB3 /* DispatchQueueExtensionVC.swift */ = {isa = PBXFileReference; lastKnownFileType = sourcecode.swift; name = DispatchQueueExtensionVC.swift; path = Controller/DispatchQueueExtensionVC.swift; sourceTree = "<group>"; };
		43D40A042C560974009F1260 /* NSThreadViewController.swift */ = {isa = PBXFileReference; lastKnownFileType = sourcecode.swift; name = NSThreadViewController.swift; path = Controller/NSThreadViewController.swift; sourceTree = "<group>"; };
		43D40A062C5639E4009F1260 /* OperationQueuesVC.swift */ = {isa = PBXFileReference; lastKnownFileType = sourcecode.swift; name = OperationQueuesVC.swift; path = Controller/OperationQueuesVC.swift; sourceTree = "<group>"; };
		43DCF1D72C5BE4CA007E25D0 /* Int+Extension.swift */ = {isa = PBXFileReference; lastKnownFileType = sourcecode.swift; path = "Int+Extension.swift"; sourceTree = "<group>"; };
		43F1513A2C392EFA003584DD /* IOS-Swift.app */ = {isa = PBXFileReference; explicitFileType = wrapper.application; includeInIndex = 0; path = "IOS-Swift.app"; sourceTree = BUILT_PRODUCTS_DIR; };
		43F1513D2C392EFA003584DD /* AppDelegate.swift */ = {isa = PBXFileReference; lastKnownFileType = sourcecode.swift; path = AppDelegate.swift; sourceTree = "<group>"; };
		43F1513F2C392EFA003584DD /* SceneDelegate.swift */ = {isa = PBXFileReference; lastKnownFileType = sourcecode.swift; path = SceneDelegate.swift; sourceTree = "<group>"; };
		43F151412C392EFA003584DD /* ViewController.swift */ = {isa = PBXFileReference; lastKnownFileType = sourcecode.swift; path = ViewController.swift; sourceTree = "<group>"; };
		43F151442C392EFA003584DD /* Base */ = {isa = PBXFileReference; lastKnownFileType = file.storyboard; name = Base; path = Base.lproj/Main.storyboard; sourceTree = "<group>"; };
		43F151462C392EFC003584DD /* Assets.xcassets */ = {isa = PBXFileReference; lastKnownFileType = folder.assetcatalog; path = Assets.xcassets; sourceTree = "<group>"; };
		43F151492C392EFC003584DD /* Base */ = {isa = PBXFileReference; lastKnownFileType = file.storyboard; name = Base; path = Base.lproj/LaunchScreen.storyboard; sourceTree = "<group>"; };
		43F1514B2C392EFC003584DD /* Info.plist */ = {isa = PBXFileReference; lastKnownFileType = text.plist.xml; path = Info.plist; sourceTree = "<group>"; };
		43F151502C392EFD003584DD /* IOS-SwiftTests.xctest */ = {isa = PBXFileReference; explicitFileType = wrapper.cfbundle; includeInIndex = 0; path = "IOS-SwiftTests.xctest"; sourceTree = BUILT_PRODUCTS_DIR; };
		43F151542C392EFD003584DD /* IOS_SwiftTests.swift */ = {isa = PBXFileReference; lastKnownFileType = sourcecode.swift; path = IOS_SwiftTests.swift; sourceTree = "<group>"; };
		43F1515A2C392EFD003584DD /* IOS-SwiftUITests.xctest */ = {isa = PBXFileReference; explicitFileType = wrapper.cfbundle; includeInIndex = 0; path = "IOS-SwiftUITests.xctest"; sourceTree = BUILT_PRODUCTS_DIR; };
		43F1515E2C392EFD003584DD /* IOS_SwiftUITests.swift */ = {isa = PBXFileReference; lastKnownFileType = sourcecode.swift; path = IOS_SwiftUITests.swift; sourceTree = "<group>"; };
		43F151602C392EFD003584DD /* IOS_SwiftUITestsLaunchTests.swift */ = {isa = PBXFileReference; lastKnownFileType = sourcecode.swift; path = IOS_SwiftUITestsLaunchTests.swift; sourceTree = "<group>"; };
		43F2958E2C76E18100E5A212 /* ChatHomeViewController.swift */ = {isa = PBXFileReference; lastKnownFileType = sourcecode.swift; path = ChatHomeViewController.swift; sourceTree = "<group>"; };
		43F295902C76E5DD00E5A212 /* SQLiteViewController.swift */ = {isa = PBXFileReference; lastKnownFileType = sourcecode.swift; name = SQLiteViewController.swift; path = Controller/SQLiteViewController.swift; sourceTree = "<group>"; };
		43F295922C76F20400E5A212 /* DatabaseManager.swift */ = {isa = PBXFileReference; lastKnownFileType = sourcecode.swift; path = DatabaseManager.swift; sourceTree = "<group>"; };
		43F295942C77194100E5A212 /* SingletonViewController.swift */ = {isa = PBXFileReference; lastKnownFileType = sourcecode.swift; name = SingletonViewController.swift; path = Controller/SingletonViewController.swift; sourceTree = "<group>"; };
		43F295962C771AA100E5A212 /* Singleton.swift */ = {isa = PBXFileReference; lastKnownFileType = sourcecode.swift; path = Singleton.swift; sourceTree = "<group>"; };
		43FF21B12C3D66E8007F386C /* FLExtensionHomeVC.swift */ = {isa = PBXFileReference; lastKnownFileType = sourcecode.swift; name = FLExtensionHomeVC.swift; path = Controller/FLExtensionHomeVC.swift; sourceTree = "<group>"; };
		43FF21B32C3D6B83007F386C /* FLUIKitExtensionVC.swift */ = {isa = PBXFileReference; lastKnownFileType = sourcecode.swift; name = FLUIKitExtensionVC.swift; path = Controller/FLUIKitExtensionVC.swift; sourceTree = "<group>"; };
		43FF21B52C3D6EF9007F386C /* FLFoundationExtensionVC.swift */ = {isa = PBXFileReference; lastKnownFileType = sourcecode.swift; name = FLFoundationExtensionVC.swift; path = Controller/FLFoundationExtensionVC.swift; sourceTree = "<group>"; };
		43FF21B72C3E2460007F386C /* FLArrayExtensionVC.swift */ = {isa = PBXFileReference; lastKnownFileType = sourcecode.swift; name = FLArrayExtensionVC.swift; path = Controller/FLArrayExtensionVC.swift; sourceTree = "<group>"; };
		43FF21BA2C3E28B1007F386C /* FLPrint.swift */ = {isa = PBXFileReference; lastKnownFileType = sourcecode.swift; path = FLPrint.swift; sourceTree = "<group>"; };
		43FF21BC2C3E31B1007F386C /* FLPop.swift */ = {isa = PBXFileReference; lastKnownFileType = sourcecode.swift; path = FLPop.swift; sourceTree = "<group>"; };
		43FF21BE2C3E3353007F386C /* Date+Extension.swift */ = {isa = PBXFileReference; lastKnownFileType = sourcecode.swift; path = "Date+Extension.swift"; sourceTree = "<group>"; };
		43FF21C02C3E4001007F386C /* DateFormatter+Extension.swift */ = {isa = PBXFileReference; lastKnownFileType = sourcecode.swift; path = "DateFormatter+Extension.swift"; sourceTree = "<group>"; };
		43FF21C22C3E4463007F386C /* FileManager+Extension.swift */ = {isa = PBXFileReference; lastKnownFileType = sourcecode.swift; path = "FileManager+Extension.swift"; sourceTree = "<group>"; };
		8081C22CA3F27D0D70B351E9 /* Pods-IOS-Swift-IOS-SwiftUITests.release.xcconfig */ = {isa = PBXFileReference; includeInIndex = 1; lastKnownFileType = text.xcconfig; name = "Pods-IOS-Swift-IOS-SwiftUITests.release.xcconfig"; path = "Target Support Files/Pods-IOS-Swift-IOS-SwiftUITests/Pods-IOS-Swift-IOS-SwiftUITests.release.xcconfig"; sourceTree = "<group>"; };
		9B1690CEF97BA473EC5CC414 /* Pods_IOS_Swift_IOS_SwiftUITests.framework */ = {isa = PBXFileReference; explicitFileType = wrapper.framework; includeInIndex = 0; path = Pods_IOS_Swift_IOS_SwiftUITests.framework; sourceTree = BUILT_PRODUCTS_DIR; };
		B556F53183849FEC814F5B9C /* Pods-IOS-SwiftTests.debug.xcconfig */ = {isa = PBXFileReference; includeInIndex = 1; lastKnownFileType = text.xcconfig; name = "Pods-IOS-SwiftTests.debug.xcconfig"; path = "Target Support Files/Pods-IOS-SwiftTests/Pods-IOS-SwiftTests.debug.xcconfig"; sourceTree = "<group>"; };
		D5E3F38F53A0EC5F7A139EE0 /* Pods-IOS-Swift.release.xcconfig */ = {isa = PBXFileReference; includeInIndex = 1; lastKnownFileType = text.xcconfig; name = "Pods-IOS-Swift.release.xcconfig"; path = "Target Support Files/Pods-IOS-Swift/Pods-IOS-Swift.release.xcconfig"; sourceTree = "<group>"; };
		E564A45C16F973C1C0A05BCF /* Pods_IOS_Swift.framework */ = {isa = PBXFileReference; explicitFileType = wrapper.framework; includeInIndex = 0; path = Pods_IOS_Swift.framework; sourceTree = BUILT_PRODUCTS_DIR; };
		E5BF56878EA4C5EA23CB58FC /* Pods-IOS-Swift.debug.xcconfig */ = {isa = PBXFileReference; includeInIndex = 1; lastKnownFileType = text.xcconfig; name = "Pods-IOS-Swift.debug.xcconfig"; path = "Target Support Files/Pods-IOS-Swift/Pods-IOS-Swift.debug.xcconfig"; sourceTree = "<group>"; };
		F242E4E9878CA561722659F2 /* Pods-IOS-Swift-IOS-SwiftUITests.debug.xcconfig */ = {isa = PBXFileReference; includeInIndex = 1; lastKnownFileType = text.xcconfig; name = "Pods-IOS-Swift-IOS-SwiftUITests.debug.xcconfig"; path = "Target Support Files/Pods-IOS-Swift-IOS-SwiftUITests/Pods-IOS-Swift-IOS-SwiftUITests.debug.xcconfig"; sourceTree = "<group>"; };
/* End PBXFileReference section */

/* Begin PBXFrameworksBuildPhase section */
		43F151372C392EFA003584DD /* Frameworks */ = {
			isa = PBXFrameworksBuildPhase;
			buildActionMask = 2147483647;
			files = (
				E1C7828E9876E76DF2AAF177 /* Pods_IOS_Swift.framework in Frameworks */,
			);
			runOnlyForDeploymentPostprocessing = 0;
		};
		43F1514D2C392EFD003584DD /* Frameworks */ = {
			isa = PBXFrameworksBuildPhase;
			buildActionMask = 2147483647;
			files = (
				DDE179E1E27632B0BDC9E72D /* Pods_IOS_SwiftTests.framework in Frameworks */,
			);
			runOnlyForDeploymentPostprocessing = 0;
		};
		43F151572C392EFD003584DD /* Frameworks */ = {
			isa = PBXFrameworksBuildPhase;
			buildActionMask = 2147483647;
			files = (
				63254E03D5F11F630AB1C457 /* Pods_IOS_Swift_IOS_SwiftUITests.framework in Frameworks */,
			);
			runOnlyForDeploymentPostprocessing = 0;
		};
/* End PBXFrameworksBuildPhase section */

/* Begin PBXGroup section */
		4322EEE52C3A7EA6000D20BD /* Other */ = {
			isa = PBXGroup;
			children = (
				43F1513D2C392EFA003584DD /* AppDelegate.swift */,
				43F1513F2C392EFA003584DD /* SceneDelegate.swift */,
				43F151412C392EFA003584DD /* ViewController.swift */,
				43F151432C392EFA003584DD /* Main.storyboard */,
				43F151462C392EFC003584DD /* Assets.xcassets */,
				43F151482C392EFC003584DD /* LaunchScreen.storyboard */,
				43F1514B2C392EFC003584DD /* Info.plist */,
			);
			path = Other;
			sourceTree = "<group>";
		};
		4322EEE82C3A7F71000D20BD /* BaseClasses */ = {
			isa = PBXGroup;
			children = (
				4322EEF62C3A8E9F000D20BD /* View */,
				4322EEEF2C3A84A3000D20BD /* FLBaseViewController.swift */,
				4322EEF12C3A8537000D20BD /* FLBaseNavigationController.swift */,
			);
			name = BaseClasses;
			sourceTree = "<group>";
		};
		4322EEEB2C3A840C000D20BD /* MainVC */ = {
			isa = PBXGroup;
			children = (
				4322EEEC2C3A8415000D20BD /* Controller */,
			);
			path = MainVC;
			sourceTree = "<group>";
		};
		4322EEEC2C3A8415000D20BD /* Controller */ = {
			isa = PBXGroup;
			children = (
				4322EEED2C3A8488000D20BD /* FLHomeViewController.swift */,
				43FF21B12C3D66E8007F386C /* FLExtensionHomeVC.swift */,
				43FF21B32C3D6B83007F386C /* FLUIKitExtensionVC.swift */,
				43FF21B52C3D6EF9007F386C /* FLFoundationExtensionVC.swift */,
				43FF21B72C3E2460007F386C /* FLArrayExtensionVC.swift */,
				433072A22C3FD21B007FADED /* SummaryHomeVC.swift */,
				439084B02C6E49D100ACA9A2 /* KeyWordViewController.swift */,
				43A4D0EA2C783B420029FFB0 /* ExceptionViewController.swift */,
				433072A42C40D32E007FADED /* StructDetailVC.swift */,
				433072A62C40EBAB007FADED /* SystemTypeVC.swift */,
				433072A82C40F15D007FADED /* SystemValueTypeVC.swift */,
				433072AA2C40F178007FADED /* SystemReferenceTypeVC.swift */,
				43C570BC2C4412B400E7ECB3 /* CGPointExtensionVC.swift */,
				43C570C02C441B3600E7ECB3 /* DispatchQueueExtensionVC.swift */,
				43581D922C4BC36D004F154C /* GCDViewController.swift */,
				43D40A042C560974009F1260 /* NSThreadViewController.swift */,
				43D40A062C5639E4009F1260 /* OperationQueuesVC.swift */,
				43F295942C77194100E5A212 /* SingletonViewController.swift */,
				438A811E2C5A2A5B00774B7B /* LibraryHomeViewController.swift */,
				438A81202C5A2C1B00774B7B /* KingfisherViewController.swift */,
				43F295902C76E5DD00E5A212 /* SQLiteViewController.swift */,
			);
			name = Controller;
			sourceTree = "<group>";
		};
		4322EEF32C3A88C7000D20BD /* Tools */ = {
			isa = PBXGroup;
			children = (
				43FF21B92C3E2878007F386C /* SmallTools */,
				4322EEF92C3A9334000D20BD /* Extension */,
				4322EEF42C3A88FA000D20BD /* Head.swift */,
				43FF21BC2C3E31B1007F386C /* FLPop.swift */,
				43F295922C76F20400E5A212 /* DatabaseManager.swift */,
				43F295962C771AA100E5A212 /* Singleton.swift */,
				438A7AAC2C89A28F005CFCF1 /* PopMenu */,
			);
			path = Tools;
			sourceTree = "<group>";
		};
		4322EEF62C3A8E9F000D20BD /* View */ = {
			isa = PBXGroup;
			children = (
				4322EEF72C3A8ECE000D20BD /* BaseGroupTableViewCell.swift */,
				437E5EA52C3C3D1D001B7945 /* BasePlainTableViewCell.swift */,
			);
			name = View;
			sourceTree = "<group>";
		};
		4322EEF92C3A9334000D20BD /* Extension */ = {
			isa = PBXGroup;
			children = (
				4322EEFD2C3AE4BD000D20BD /* UIKitExtension */,
				4322EEFC2C3AE48D000D20BD /* FoundationExtension */,
			);
			path = Extension;
			sourceTree = "<group>";
		};
		4322EEFC2C3AE48D000D20BD /* FoundationExtension */ = {
			isa = PBXGroup;
			children = (
				4322EEFA2C3A9389000D20BD /* String+Extension.swift */,
				43FF21BE2C3E3353007F386C /* Date+Extension.swift */,
				43FF21C02C3E4001007F386C /* DateFormatter+Extension.swift */,
				43FF21C22C3E4463007F386C /* FileManager+Extension.swift */,
				433072A02C3FC23E007FADED /* Array+Extension.swift */,
				43C570BE2C4413F900E7ECB3 /* CGPoint+Extension.swift */,
				43581D8E2C4B9BC6004F154C /* DispatchQueue+Extension.swift */,
				43DCF1D72C5BE4CA007E25D0 /* Int+Extension.swift */,
			);
			path = FoundationExtension;
			sourceTree = "<group>";
		};
		4322EEFD2C3AE4BD000D20BD /* UIKitExtension */ = {
			isa = PBXGroup;
			children = (
				4322EEFE2C3AE52E000D20BD /* UIColor+Extension.swift */,
				438A7AAD2C89B362005CFCF1 /* UIView+Extension.swift */,
			);
			path = UIKitExtension;
			sourceTree = "<group>";
		};
		438A7AAC2C89A28F005CFCF1 /* PopMenu */ = {
			isa = PBXGroup;
			children = (
				438A7AA82C899781005CFCF1 /* FLPopMenu.swift */,
			);
			path = PopMenu;
			sourceTree = "<group>";
		};
		43F151312C392EFA003584DD = {
			isa = PBXGroup;
			children = (
				43F1513C2C392EFA003584DD /* IOS-Swift */,
				43F151532C392EFD003584DD /* IOS-SwiftTests */,
				43F1515D2C392EFD003584DD /* IOS-SwiftUITests */,
				43F1513B2C392EFA003584DD /* Products */,
				64D0EC2F1167E35EB640B1AC /* Pods */,
				D0A3BE438C73BB7367607888 /* Frameworks */,
			);
			sourceTree = "<group>";
		};
		43F1513B2C392EFA003584DD /* Products */ = {
			isa = PBXGroup;
			children = (
				43F1513A2C392EFA003584DD /* IOS-Swift.app */,
				43F151502C392EFD003584DD /* IOS-SwiftTests.xctest */,
				43F1515A2C392EFD003584DD /* IOS-SwiftUITests.xctest */,
			);
			name = Products;
			sourceTree = "<group>";
		};
		43F1513C2C392EFA003584DD /* IOS-Swift */ = {
			isa = PBXGroup;
			children = (
				43F2958C2C76E14200E5A212 /* Chat */,
				4322EEF32C3A88C7000D20BD /* Tools */,
				4322EEE52C3A7EA6000D20BD /* Other */,
				4322EEE82C3A7F71000D20BD /* BaseClasses */,
				4322EEEB2C3A840C000D20BD /* MainVC */,
			);
			path = "IOS-Swift";
			sourceTree = "<group>";
		};
		43F151532C392EFD003584DD /* IOS-SwiftTests */ = {
			isa = PBXGroup;
			children = (
				43F151542C392EFD003584DD /* IOS_SwiftTests.swift */,
			);
			path = "IOS-SwiftTests";
			sourceTree = "<group>";
		};
		43F1515D2C392EFD003584DD /* IOS-SwiftUITests */ = {
			isa = PBXGroup;
			children = (
				43F1515E2C392EFD003584DD /* IOS_SwiftUITests.swift */,
				43F151602C392EFD003584DD /* IOS_SwiftUITestsLaunchTests.swift */,
			);
			path = "IOS-SwiftUITests";
			sourceTree = "<group>";
		};
		43F2958C2C76E14200E5A212 /* Chat */ = {
			isa = PBXGroup;
			children = (
				43F2958D2C76E16600E5A212 /* Controller */,
			);
			path = Chat;
			sourceTree = "<group>";
		};
		43F2958D2C76E16600E5A212 /* Controller */ = {
			isa = PBXGroup;
			children = (
				43F2958E2C76E18100E5A212 /* ChatHomeViewController.swift */,
			);
			path = Controller;
			sourceTree = "<group>";
		};
		43FF21B92C3E2878007F386C /* SmallTools */ = {
			isa = PBXGroup;
			children = (
				43FF21BA2C3E28B1007F386C /* FLPrint.swift */,
				43581D902C4BAE50004F154C /* FLAsyncs.swift */,
				436E2B052C533BD200A93DC7 /* NavigationControllerManager.swift */,
			);
			path = SmallTools;
			sourceTree = "<group>";
		};
		64D0EC2F1167E35EB640B1AC /* Pods */ = {
			isa = PBXGroup;
			children = (
				E5BF56878EA4C5EA23CB58FC /* Pods-IOS-Swift.debug.xcconfig */,
				D5E3F38F53A0EC5F7A139EE0 /* Pods-IOS-Swift.release.xcconfig */,
				F242E4E9878CA561722659F2 /* Pods-IOS-Swift-IOS-SwiftUITests.debug.xcconfig */,
				8081C22CA3F27D0D70B351E9 /* Pods-IOS-Swift-IOS-SwiftUITests.release.xcconfig */,
				B556F53183849FEC814F5B9C /* Pods-IOS-SwiftTests.debug.xcconfig */,
				14BF6FD74FEDA2B5291E1485 /* Pods-IOS-SwiftTests.release.xcconfig */,
			);
			path = Pods;
			sourceTree = "<group>";
		};
		D0A3BE438C73BB7367607888 /* Frameworks */ = {
			isa = PBXGroup;
			children = (
				E564A45C16F973C1C0A05BCF /* Pods_IOS_Swift.framework */,
				9B1690CEF97BA473EC5CC414 /* Pods_IOS_Swift_IOS_SwiftUITests.framework */,
				00FB8EEDEE802B8B0A3D2363 /* Pods_IOS_SwiftTests.framework */,
			);
			name = Frameworks;
			sourceTree = "<group>";
		};
/* End PBXGroup section */

/* Begin PBXNativeTarget section */
		43F151392C392EFA003584DD /* IOS-Swift */ = {
			isa = PBXNativeTarget;
			buildConfigurationList = 43F151642C392EFD003584DD /* Build configuration list for PBXNativeTarget "IOS-Swift" */;
			buildPhases = (
				04D695C92EFB4E6C02E69897 /* [CP] Check Pods Manifest.lock */,
				43F151362C392EFA003584DD /* Sources */,
				43F151372C392EFA003584DD /* Frameworks */,
				43F151382C392EFA003584DD /* Resources */,
				42FC8F8CFF14368BC0342537 /* [CP] Embed Pods Frameworks */,
			);
			buildRules = (
			);
			dependencies = (
			);
			name = "IOS-Swift";
			productName = "IOS-Swift";
			productReference = 43F1513A2C392EFA003584DD /* IOS-Swift.app */;
			productType = "com.apple.product-type.application";
		};
		43F1514F2C392EFD003584DD /* IOS-SwiftTests */ = {
			isa = PBXNativeTarget;
			buildConfigurationList = 43F151672C392EFD003584DD /* Build configuration list for PBXNativeTarget "IOS-SwiftTests" */;
			buildPhases = (
				8E33BFB85ADBA8EC5A559EE5 /* [CP] Check Pods Manifest.lock */,
				43F1514C2C392EFD003584DD /* Sources */,
				43F1514D2C392EFD003584DD /* Frameworks */,
				43F1514E2C392EFD003584DD /* Resources */,
			);
			buildRules = (
			);
			dependencies = (
				43F151522C392EFD003584DD /* PBXTargetDependency */,
			);
			name = "IOS-SwiftTests";
			productName = "IOS-SwiftTests";
			productReference = 43F151502C392EFD003584DD /* IOS-SwiftTests.xctest */;
			productType = "com.apple.product-type.bundle.unit-test";
		};
		43F151592C392EFD003584DD /* IOS-SwiftUITests */ = {
			isa = PBXNativeTarget;
			buildConfigurationList = 43F1516A2C392EFD003584DD /* Build configuration list for PBXNativeTarget "IOS-SwiftUITests" */;
			buildPhases = (
				280535E8A9BD7876E42AA13B /* [CP] Check Pods Manifest.lock */,
				43F151562C392EFD003584DD /* Sources */,
				43F151572C392EFD003584DD /* Frameworks */,
				43F151582C392EFD003584DD /* Resources */,
				DCE43D91C584FC706D943E23 /* [CP] Embed Pods Frameworks */,
			);
			buildRules = (
			);
			dependencies = (
				43F1515C2C392EFD003584DD /* PBXTargetDependency */,
			);
			name = "IOS-SwiftUITests";
			productName = "IOS-SwiftUITests";
			productReference = 43F1515A2C392EFD003584DD /* IOS-SwiftUITests.xctest */;
			productType = "com.apple.product-type.bundle.ui-testing";
		};
/* End PBXNativeTarget section */

/* Begin PBXProject section */
		43F151322C392EFA003584DD /* Project object */ = {
			isa = PBXProject;
			attributes = {
				BuildIndependentTargetsInParallel = 1;
				LastSwiftUpdateCheck = 1540;
				LastUpgradeCheck = 1540;
				TargetAttributes = {
					43F151392C392EFA003584DD = {
						CreatedOnToolsVersion = 15.4;
					};
					43F1514F2C392EFD003584DD = {
						CreatedOnToolsVersion = 15.4;
						TestTargetID = 43F151392C392EFA003584DD;
					};
					43F151592C392EFD003584DD = {
						CreatedOnToolsVersion = 15.4;
						TestTargetID = 43F151392C392EFA003584DD;
					};
				};
			};
			buildConfigurationList = 43F151352C392EFA003584DD /* Build configuration list for PBXProject "IOS-Swift" */;
			compatibilityVersion = "Xcode 14.0";
			developmentRegion = en;
			hasScannedForEncodings = 0;
			knownRegions = (
				en,
				Base,
			);
			mainGroup = 43F151312C392EFA003584DD;
			productRefGroup = 43F1513B2C392EFA003584DD /* Products */;
			projectDirPath = "";
			projectRoot = "";
			targets = (
				43F151392C392EFA003584DD /* IOS-Swift */,
				43F1514F2C392EFD003584DD /* IOS-SwiftTests */,
				43F151592C392EFD003584DD /* IOS-SwiftUITests */,
			);
		};
/* End PBXProject section */

/* Begin PBXResourcesBuildPhase section */
		43F151382C392EFA003584DD /* Resources */ = {
			isa = PBXResourcesBuildPhase;
			buildActionMask = 2147483647;
			files = (
				43F151472C392EFC003584DD /* Assets.xcassets in Resources */,
				43F1514A2C392EFC003584DD /* Base in Resources */,
				43F151452C392EFA003584DD /* Base in Resources */,
			);
			runOnlyForDeploymentPostprocessing = 0;
		};
		43F1514E2C392EFD003584DD /* Resources */ = {
			isa = PBXResourcesBuildPhase;
			buildActionMask = 2147483647;
			files = (
			);
			runOnlyForDeploymentPostprocessing = 0;
		};
		43F151582C392EFD003584DD /* Resources */ = {
			isa = PBXResourcesBuildPhase;
			buildActionMask = 2147483647;
			files = (
			);
			runOnlyForDeploymentPostprocessing = 0;
		};
/* End PBXResourcesBuildPhase section */

/* Begin PBXShellScriptBuildPhase section */
		04D695C92EFB4E6C02E69897 /* [CP] Check Pods Manifest.lock */ = {
			isa = PBXShellScriptBuildPhase;
			buildActionMask = 2147483647;
			files = (
			);
			inputFileListPaths = (
			);
			inputPaths = (
				"${PODS_PODFILE_DIR_PATH}/Podfile.lock",
				"${PODS_ROOT}/Manifest.lock",
			);
			name = "[CP] Check Pods Manifest.lock";
			outputFileListPaths = (
			);
			outputPaths = (
				"$(DERIVED_FILE_DIR)/Pods-IOS-Swift-checkManifestLockResult.txt",
			);
			runOnlyForDeploymentPostprocessing = 0;
			shellPath = /bin/sh;
			shellScript = "diff \"${PODS_PODFILE_DIR_PATH}/Podfile.lock\" \"${PODS_ROOT}/Manifest.lock\" > /dev/null\nif [ $? != 0 ] ; then\n    # print error to STDERR\n    echo \"error: The sandbox is not in sync with the Podfile.lock. Run 'pod install' or update your CocoaPods installation.\" >&2\n    exit 1\nfi\n# This output is used by Xcode 'outputs' to avoid re-running this script phase.\necho \"SUCCESS\" > \"${SCRIPT_OUTPUT_FILE_0}\"\n";
			showEnvVarsInLog = 0;
		};
		280535E8A9BD7876E42AA13B /* [CP] Check Pods Manifest.lock */ = {
			isa = PBXShellScriptBuildPhase;
			buildActionMask = 2147483647;
			files = (
			);
			inputFileListPaths = (
			);
			inputPaths = (
				"${PODS_PODFILE_DIR_PATH}/Podfile.lock",
				"${PODS_ROOT}/Manifest.lock",
			);
			name = "[CP] Check Pods Manifest.lock";
			outputFileListPaths = (
			);
			outputPaths = (
				"$(DERIVED_FILE_DIR)/Pods-IOS-Swift-IOS-SwiftUITests-checkManifestLockResult.txt",
			);
			runOnlyForDeploymentPostprocessing = 0;
			shellPath = /bin/sh;
			shellScript = "diff \"${PODS_PODFILE_DIR_PATH}/Podfile.lock\" \"${PODS_ROOT}/Manifest.lock\" > /dev/null\nif [ $? != 0 ] ; then\n    # print error to STDERR\n    echo \"error: The sandbox is not in sync with the Podfile.lock. Run 'pod install' or update your CocoaPods installation.\" >&2\n    exit 1\nfi\n# This output is used by Xcode 'outputs' to avoid re-running this script phase.\necho \"SUCCESS\" > \"${SCRIPT_OUTPUT_FILE_0}\"\n";
			showEnvVarsInLog = 0;
		};
		42FC8F8CFF14368BC0342537 /* [CP] Embed Pods Frameworks */ = {
			isa = PBXShellScriptBuildPhase;
			buildActionMask = 2147483647;
			files = (
			);
			inputFileListPaths = (
				"${PODS_ROOT}/Target Support Files/Pods-IOS-Swift/Pods-IOS-Swift-frameworks-${CONFIGURATION}-input-files.xcfilelist",
			);
			name = "[CP] Embed Pods Frameworks";
			outputFileListPaths = (
				"${PODS_ROOT}/Target Support Files/Pods-IOS-Swift/Pods-IOS-Swift-frameworks-${CONFIGURATION}-output-files.xcfilelist",
			);
			runOnlyForDeploymentPostprocessing = 0;
			shellPath = /bin/sh;
			shellScript = "\"${PODS_ROOT}/Target Support Files/Pods-IOS-Swift/Pods-IOS-Swift-frameworks.sh\"\n";
			showEnvVarsInLog = 0;
		};
		8E33BFB85ADBA8EC5A559EE5 /* [CP] Check Pods Manifest.lock */ = {
			isa = PBXShellScriptBuildPhase;
			buildActionMask = 2147483647;
			files = (
			);
			inputFileListPaths = (
			);
			inputPaths = (
				"${PODS_PODFILE_DIR_PATH}/Podfile.lock",
				"${PODS_ROOT}/Manifest.lock",
			);
			name = "[CP] Check Pods Manifest.lock";
			outputFileListPaths = (
			);
			outputPaths = (
				"$(DERIVED_FILE_DIR)/Pods-IOS-SwiftTests-checkManifestLockResult.txt",
			);
			runOnlyForDeploymentPostprocessing = 0;
			shellPath = /bin/sh;
			shellScript = "diff \"${PODS_PODFILE_DIR_PATH}/Podfile.lock\" \"${PODS_ROOT}/Manifest.lock\" > /dev/null\nif [ $? != 0 ] ; then\n    # print error to STDERR\n    echo \"error: The sandbox is not in sync with the Podfile.lock. Run 'pod install' or update your CocoaPods installation.\" >&2\n    exit 1\nfi\n# This output is used by Xcode 'outputs' to avoid re-running this script phase.\necho \"SUCCESS\" > \"${SCRIPT_OUTPUT_FILE_0}\"\n";
			showEnvVarsInLog = 0;
		};
		DCE43D91C584FC706D943E23 /* [CP] Embed Pods Frameworks */ = {
			isa = PBXShellScriptBuildPhase;
			buildActionMask = 2147483647;
			files = (
			);
			inputFileListPaths = (
				"${PODS_ROOT}/Target Support Files/Pods-IOS-Swift-IOS-SwiftUITests/Pods-IOS-Swift-IOS-SwiftUITests-frameworks-${CONFIGURATION}-input-files.xcfilelist",
			);
			name = "[CP] Embed Pods Frameworks";
			outputFileListPaths = (
				"${PODS_ROOT}/Target Support Files/Pods-IOS-Swift-IOS-SwiftUITests/Pods-IOS-Swift-IOS-SwiftUITests-frameworks-${CONFIGURATION}-output-files.xcfilelist",
			);
			runOnlyForDeploymentPostprocessing = 0;
			shellPath = /bin/sh;
			shellScript = "\"${PODS_ROOT}/Target Support Files/Pods-IOS-Swift-IOS-SwiftUITests/Pods-IOS-Swift-IOS-SwiftUITests-frameworks.sh\"\n";
			showEnvVarsInLog = 0;
		};
/* End PBXShellScriptBuildPhase section */

/* Begin PBXSourcesBuildPhase section */
		43F151362C392EFA003584DD /* Sources */ = {
			isa = PBXSourcesBuildPhase;
			buildActionMask = 2147483647;
			files = (
				4322EEF82C3A8ECE000D20BD /* BaseGroupTableViewCell.swift in Sources */,
				43581D8F2C4B9BC6004F154C /* DispatchQueue+Extension.swift in Sources */,
				43581D912C4BAE50004F154C /* FLAsyncs.swift in Sources */,
				43FF21C32C3E4463007F386C /* FileManager+Extension.swift in Sources */,
				43FF21B62C3D6EF9007F386C /* FLFoundationExtensionVC.swift in Sources */,
				43C570C12C441B3600E7ECB3 /* DispatchQueueExtensionVC.swift in Sources */,
				4322EEFB2C3A9389000D20BD /* String+Extension.swift in Sources */,
				43F2958F2C76E18100E5A212 /* ChatHomeViewController.swift in Sources */,
				43F151422C392EFA003584DD /* ViewController.swift in Sources */,
				43F295912C76E5DD00E5A212 /* SQLiteViewController.swift in Sources */,
				433072A72C40EBAB007FADED /* SystemTypeVC.swift in Sources */,
				43F1513E2C392EFA003584DD /* AppDelegate.swift in Sources */,
				437E5EA62C3C3D1D001B7945 /* BasePlainTableViewCell.swift in Sources */,
				43D40A072C5639E4009F1260 /* OperationQueuesVC.swift in Sources */,
				43F295932C76F20400E5A212 /* DatabaseManager.swift in Sources */,
				433072A32C3FD21B007FADED /* SummaryHomeVC.swift in Sources */,
				43FF21BD2C3E31B1007F386C /* FLPop.swift in Sources */,
				43F295972C771AA100E5A212 /* Singleton.swift in Sources */,
				438A7AAE2C89B362005CFCF1 /* UIView+Extension.swift in Sources */,
				43F151402C392EFA003584DD /* SceneDelegate.swift in Sources */,
				43F295952C77194100E5A212 /* SingletonViewController.swift in Sources */,
				43FF21BB2C3E28B1007F386C /* FLPrint.swift in Sources */,
				438A81212C5A2C1B00774B7B /* KingfisherViewController.swift in Sources */,
				4322EEF02C3A84A3000D20BD /* FLBaseViewController.swift in Sources */,
				436E2B062C533BD200A93DC7 /* NavigationControllerManager.swift in Sources */,
				43DCF1D82C5BE4CA007E25D0 /* Int+Extension.swift in Sources */,
				433072AB2C40F178007FADED /* SystemReferenceTypeVC.swift in Sources */,
				43FF21B22C3D66E8007F386C /* FLExtensionHomeVC.swift in Sources */,
				4322EEF52C3A88FA000D20BD /* Head.swift in Sources */,
				43C570BD2C4412B400E7ECB3 /* CGPointExtensionVC.swift in Sources */,
				43D40A052C560974009F1260 /* NSThreadViewController.swift in Sources */,
				439084B12C6E49D100ACA9A2 /* KeyWordViewController.swift in Sources */,
				438A811F2C5A2A5B00774B7B /* LibraryHomeViewController.swift in Sources */,
				438A7AA92C899781005CFCF1 /* FLPopMenu.swift in Sources */,
				4322EEF22C3A8537000D20BD /* FLBaseNavigationController.swift in Sources */,
				43C570BF2C4413F900E7ECB3 /* CGPoint+Extension.swift in Sources */,
				43FF21B82C3E2460007F386C /* FLArrayExtensionVC.swift in Sources */,
				43FF21C12C3E4001007F386C /* DateFormatter+Extension.swift in Sources */,
				4322EEEE2C3A8488000D20BD /* FLHomeViewController.swift in Sources */,
				43FF21B42C3D6B83007F386C /* FLUIKitExtensionVC.swift in Sources */,
				433072A52C40D32E007FADED /* StructDetailVC.swift in Sources */,
				43A4D0EB2C783B420029FFB0 /* ExceptionViewController.swift in Sources */,
				433072A12C3FC23E007FADED /* Array+Extension.swift in Sources */,
				4322EEFF2C3AE52E000D20BD /* UIColor+Extension.swift in Sources */,
				433072A92C40F15D007FADED /* SystemValueTypeVC.swift in Sources */,
				43FF21BF2C3E3353007F386C /* Date+Extension.swift in Sources */,
				43581D932C4BC36D004F154C /* GCDViewController.swift in Sources */,
			);
			runOnlyForDeploymentPostprocessing = 0;
		};
		43F1514C2C392EFD003584DD /* Sources */ = {
			isa = PBXSourcesBuildPhase;
			buildActionMask = 2147483647;
			files = (
				43F151552C392EFD003584DD /* IOS_SwiftTests.swift in Sources */,
			);
			runOnlyForDeploymentPostprocessing = 0;
		};
		43F151562C392EFD003584DD /* Sources */ = {
			isa = PBXSourcesBuildPhase;
			buildActionMask = 2147483647;
			files = (
				43F151612C392EFD003584DD /* IOS_SwiftUITestsLaunchTests.swift in Sources */,
				43F1515F2C392EFD003584DD /* IOS_SwiftUITests.swift in Sources */,
			);
			runOnlyForDeploymentPostprocessing = 0;
		};
/* End PBXSourcesBuildPhase section */

/* Begin PBXTargetDependency section */
		43F151522C392EFD003584DD /* PBXTargetDependency */ = {
			isa = PBXTargetDependency;
			target = 43F151392C392EFA003584DD /* IOS-Swift */;
			targetProxy = 43F151512C392EFD003584DD /* PBXContainerItemProxy */;
		};
		43F1515C2C392EFD003584DD /* PBXTargetDependency */ = {
			isa = PBXTargetDependency;
			target = 43F151392C392EFA003584DD /* IOS-Swift */;
			targetProxy = 43F1515B2C392EFD003584DD /* PBXContainerItemProxy */;
		};
/* End PBXTargetDependency section */

/* Begin PBXVariantGroup section */
		43F151432C392EFA003584DD /* Main.storyboard */ = {
			isa = PBXVariantGroup;
			children = (
				43F151442C392EFA003584DD /* Base */,
			);
			name = Main.storyboard;
			sourceTree = "<group>";
		};
		43F151482C392EFC003584DD /* LaunchScreen.storyboard */ = {
			isa = PBXVariantGroup;
			children = (
				43F151492C392EFC003584DD /* Base */,
			);
			name = LaunchScreen.storyboard;
			sourceTree = "<group>";
		};
/* End PBXVariantGroup section */

/* Begin XCBuildConfiguration section */
		43F151622C392EFD003584DD /* Debug */ = {
			isa = XCBuildConfiguration;
			buildSettings = {
				ALWAYS_SEARCH_USER_PATHS = NO;
				ASSETCATALOG_COMPILER_GENERATE_SWIFT_ASSET_SYMBOL_EXTENSIONS = YES;
				CLANG_ANALYZER_NONNULL = YES;
				CLANG_ANALYZER_NUMBER_OBJECT_CONVERSION = YES_AGGRESSIVE;
				CLANG_CXX_LANGUAGE_STANDARD = "gnu++20";
				CLANG_ENABLE_MODULES = YES;
				CLANG_ENABLE_OBJC_ARC = YES;
				CLANG_ENABLE_OBJC_WEAK = YES;
				CLANG_WARN_BLOCK_CAPTURE_AUTORELEASING = YES;
				CLANG_WARN_BOOL_CONVERSION = YES;
				CLANG_WARN_COMMA = YES;
				CLANG_WARN_CONSTANT_CONVERSION = YES;
				CLANG_WARN_DEPRECATED_OBJC_IMPLEMENTATIONS = YES;
				CLANG_WARN_DIRECT_OBJC_ISA_USAGE = YES_ERROR;
				CLANG_WARN_DOCUMENTATION_COMMENTS = YES;
				CLANG_WARN_EMPTY_BODY = YES;
				CLANG_WARN_ENUM_CONVERSION = YES;
				CLANG_WARN_INFINITE_RECURSION = YES;
				CLANG_WARN_INT_CONVERSION = YES;
				CLANG_WARN_NON_LITERAL_NULL_CONVERSION = YES;
				CLANG_WARN_OBJC_IMPLICIT_RETAIN_SELF = YES;
				CLANG_WARN_OBJC_LITERAL_CONVERSION = YES;
				CLANG_WARN_OBJC_ROOT_CLASS = YES_ERROR;
				CLANG_WARN_QUOTED_INCLUDE_IN_FRAMEWORK_HEADER = YES;
				CLANG_WARN_RANGE_LOOP_ANALYSIS = YES;
				CLANG_WARN_STRICT_PROTOTYPES = YES;
				CLANG_WARN_SUSPICIOUS_MOVE = YES;
				CLANG_WARN_UNGUARDED_AVAILABILITY = YES_AGGRESSIVE;
				CLANG_WARN_UNREACHABLE_CODE = YES;
				CLANG_WARN__DUPLICATE_METHOD_MATCH = YES;
				COPY_PHASE_STRIP = NO;
				DEBUG_INFORMATION_FORMAT = dwarf;
				ENABLE_STRICT_OBJC_MSGSEND = YES;
				ENABLE_TESTABILITY = YES;
				ENABLE_USER_SCRIPT_SANDBOXING = YES;
				GCC_C_LANGUAGE_STANDARD = gnu17;
				GCC_DYNAMIC_NO_PIC = NO;
				GCC_NO_COMMON_BLOCKS = YES;
				GCC_OPTIMIZATION_LEVEL = 0;
				GCC_PREPROCESSOR_DEFINITIONS = (
					"DEBUG=1",
					"$(inherited)",
				);
				GCC_WARN_64_TO_32_BIT_CONVERSION = YES;
				GCC_WARN_ABOUT_RETURN_TYPE = YES_ERROR;
				GCC_WARN_UNDECLARED_SELECTOR = YES;
				GCC_WARN_UNINITIALIZED_AUTOS = YES_AGGRESSIVE;
				GCC_WARN_UNUSED_FUNCTION = YES;
				GCC_WARN_UNUSED_VARIABLE = YES;
				IPHONEOS_DEPLOYMENT_TARGET = 17.5;
				LOCALIZATION_PREFERS_STRING_CATALOGS = YES;
				MTL_ENABLE_DEBUG_INFO = INCLUDE_SOURCE;
				MTL_FAST_MATH = YES;
				ONLY_ACTIVE_ARCH = YES;
				SDKROOT = iphoneos;
				SWIFT_ACTIVE_COMPILATION_CONDITIONS = "DEBUG $(inherited)";
				SWIFT_OPTIMIZATION_LEVEL = "-Onone";
			};
			name = Debug;
		};
		43F151632C392EFD003584DD /* Release */ = {
			isa = XCBuildConfiguration;
			buildSettings = {
				ALWAYS_SEARCH_USER_PATHS = NO;
				ASSETCATALOG_COMPILER_GENERATE_SWIFT_ASSET_SYMBOL_EXTENSIONS = YES;
				CLANG_ANALYZER_NONNULL = YES;
				CLANG_ANALYZER_NUMBER_OBJECT_CONVERSION = YES_AGGRESSIVE;
				CLANG_CXX_LANGUAGE_STANDARD = "gnu++20";
				CLANG_ENABLE_MODULES = YES;
				CLANG_ENABLE_OBJC_ARC = YES;
				CLANG_ENABLE_OBJC_WEAK = YES;
				CLANG_WARN_BLOCK_CAPTURE_AUTORELEASING = YES;
				CLANG_WARN_BOOL_CONVERSION = YES;
				CLANG_WARN_COMMA = YES;
				CLANG_WARN_CONSTANT_CONVERSION = YES;
				CLANG_WARN_DEPRECATED_OBJC_IMPLEMENTATIONS = YES;
				CLANG_WARN_DIRECT_OBJC_ISA_USAGE = YES_ERROR;
				CLANG_WARN_DOCUMENTATION_COMMENTS = YES;
				CLANG_WARN_EMPTY_BODY = YES;
				CLANG_WARN_ENUM_CONVERSION = YES;
				CLANG_WARN_INFINITE_RECURSION = YES;
				CLANG_WARN_INT_CONVERSION = YES;
				CLANG_WARN_NON_LITERAL_NULL_CONVERSION = YES;
				CLANG_WARN_OBJC_IMPLICIT_RETAIN_SELF = YES;
				CLANG_WARN_OBJC_LITERAL_CONVERSION = YES;
				CLANG_WARN_OBJC_ROOT_CLASS = YES_ERROR;
				CLANG_WARN_QUOTED_INCLUDE_IN_FRAMEWORK_HEADER = YES;
				CLANG_WARN_RANGE_LOOP_ANALYSIS = YES;
				CLANG_WARN_STRICT_PROTOTYPES = YES;
				CLANG_WARN_SUSPICIOUS_MOVE = YES;
				CLANG_WARN_UNGUARDED_AVAILABILITY = YES_AGGRESSIVE;
				CLANG_WARN_UNREACHABLE_CODE = YES;
				CLANG_WARN__DUPLICATE_METHOD_MATCH = YES;
				COPY_PHASE_STRIP = NO;
				DEBUG_INFORMATION_FORMAT = "dwarf-with-dsym";
				ENABLE_NS_ASSERTIONS = NO;
				ENABLE_STRICT_OBJC_MSGSEND = YES;
				ENABLE_USER_SCRIPT_SANDBOXING = YES;
				GCC_C_LANGUAGE_STANDARD = gnu17;
				GCC_NO_COMMON_BLOCKS = YES;
				GCC_WARN_64_TO_32_BIT_CONVERSION = YES;
				GCC_WARN_ABOUT_RETURN_TYPE = YES_ERROR;
				GCC_WARN_UNDECLARED_SELECTOR = YES;
				GCC_WARN_UNINITIALIZED_AUTOS = YES_AGGRESSIVE;
				GCC_WARN_UNUSED_FUNCTION = YES;
				GCC_WARN_UNUSED_VARIABLE = YES;
				IPHONEOS_DEPLOYMENT_TARGET = 17.5;
				LOCALIZATION_PREFERS_STRING_CATALOGS = YES;
				MTL_ENABLE_DEBUG_INFO = NO;
				MTL_FAST_MATH = YES;
				SDKROOT = iphoneos;
				SWIFT_COMPILATION_MODE = wholemodule;
				VALIDATE_PRODUCT = YES;
			};
			name = Release;
		};
		43F151652C392EFD003584DD /* Debug */ = {
			isa = XCBuildConfiguration;
			baseConfigurationReference = E5BF56878EA4C5EA23CB58FC /* Pods-IOS-Swift.debug.xcconfig */;
			buildSettings = {
				ASSETCATALOG_COMPILER_APPICON_NAME = AppIcon;
				ASSETCATALOG_COMPILER_GLOBAL_ACCENT_COLOR_NAME = AccentColor;
				CODE_SIGN_STYLE = Automatic;
				CURRENT_PROJECT_VERSION = 1;
				DEVELOPMENT_TEAM = UZC6A6C7FR;
				ENABLE_USER_SCRIPT_SANDBOXING = NO;
				GENERATE_INFOPLIST_FILE = YES;
				INFOPLIST_FILE = "IOS-Swift/Other/Info.plist";
				INFOPLIST_KEY_UIApplicationSupportsIndirectInputEvents = YES;
				INFOPLIST_KEY_UILaunchStoryboardName = LaunchScreen;
				INFOPLIST_KEY_UIMainStoryboardFile = Main;
				INFOPLIST_KEY_UISupportedInterfaceOrientations_iPad = "UIInterfaceOrientationPortrait UIInterfaceOrientationPortraitUpsideDown UIInterfaceOrientationLandscapeLeft UIInterfaceOrientationLandscapeRight";
				INFOPLIST_KEY_UISupportedInterfaceOrientations_iPhone = "UIInterfaceOrientationPortrait UIInterfaceOrientationLandscapeLeft UIInterfaceOrientationLandscapeRight";
				LD_RUNPATH_SEARCH_PATHS = (
					"$(inherited)",
					"@executable_path/Frameworks",
				);
				MARKETING_VERSION = 1.0;
				PRODUCT_BUNDLE_IDENTIFIER = "com.shengaike.IOS-Swift";
				PRODUCT_NAME = "$(TARGET_NAME)";
				SWIFT_EMIT_LOC_STRINGS = YES;
				SWIFT_VERSION = 5.0;
				TARGETED_DEVICE_FAMILY = "1,2";
			};
			name = Debug;
		};
		43F151662C392EFD003584DD /* Release */ = {
			isa = XCBuildConfiguration;
			baseConfigurationReference = D5E3F38F53A0EC5F7A139EE0 /* Pods-IOS-Swift.release.xcconfig */;
			buildSettings = {
				ASSETCATALOG_COMPILER_APPICON_NAME = AppIcon;
				ASSETCATALOG_COMPILER_GLOBAL_ACCENT_COLOR_NAME = AccentColor;
				CODE_SIGN_STYLE = Automatic;
				CURRENT_PROJECT_VERSION = 1;
				DEVELOPMENT_TEAM = UZC6A6C7FR;
				ENABLE_USER_SCRIPT_SANDBOXING = NO;
				GENERATE_INFOPLIST_FILE = YES;
				INFOPLIST_FILE = "IOS-Swift/Other/Info.plist";
				INFOPLIST_KEY_UIApplicationSupportsIndirectInputEvents = YES;
				INFOPLIST_KEY_UILaunchStoryboardName = LaunchScreen;
				INFOPLIST_KEY_UIMainStoryboardFile = Main;
				INFOPLIST_KEY_UISupportedInterfaceOrientations_iPad = "UIInterfaceOrientationPortrait UIInterfaceOrientationPortraitUpsideDown UIInterfaceOrientationLandscapeLeft UIInterfaceOrientationLandscapeRight";
				INFOPLIST_KEY_UISupportedInterfaceOrientations_iPhone = "UIInterfaceOrientationPortrait UIInterfaceOrientationLandscapeLeft UIInterfaceOrientationLandscapeRight";
				LD_RUNPATH_SEARCH_PATHS = (
					"$(inherited)",
					"@executable_path/Frameworks",
				);
				MARKETING_VERSION = 1.0;
				PRODUCT_BUNDLE_IDENTIFIER = "com.shengaike.IOS-Swift";
				PRODUCT_NAME = "$(TARGET_NAME)";
				SWIFT_EMIT_LOC_STRINGS = YES;
				SWIFT_VERSION = 5.0;
				TARGETED_DEVICE_FAMILY = "1,2";
			};
			name = Release;
		};
		43F151682C392EFD003584DD /* Debug */ = {
			isa = XCBuildConfiguration;
			baseConfigurationReference = B556F53183849FEC814F5B9C /* Pods-IOS-SwiftTests.debug.xcconfig */;
			buildSettings = {
				ALWAYS_EMBED_SWIFT_STANDARD_LIBRARIES = YES;
				BUNDLE_LOADER = "$(TEST_HOST)";
				CODE_SIGN_STYLE = Automatic;
				CURRENT_PROJECT_VERSION = 1;
				DEVELOPMENT_TEAM = UZC6A6C7FR;
				GENERATE_INFOPLIST_FILE = YES;
				IPHONEOS_DEPLOYMENT_TARGET = 17.5;
				MARKETING_VERSION = 1.0;
				PRODUCT_BUNDLE_IDENTIFIER = "com.shengaike.ios-oc.IOS-SwiftTests";
				PRODUCT_NAME = "$(TARGET_NAME)";
				SWIFT_EMIT_LOC_STRINGS = NO;
				SWIFT_VERSION = 5.0;
				TARGETED_DEVICE_FAMILY = "1,2";
				TEST_HOST = "$(BUILT_PRODUCTS_DIR)/IOS-Swift.app/$(BUNDLE_EXECUTABLE_FOLDER_PATH)/IOS-Swift";
			};
			name = Debug;
		};
		43F151692C392EFD003584DD /* Release */ = {
			isa = XCBuildConfiguration;
			baseConfigurationReference = 14BF6FD74FEDA2B5291E1485 /* Pods-IOS-SwiftTests.release.xcconfig */;
			buildSettings = {
				ALWAYS_EMBED_SWIFT_STANDARD_LIBRARIES = YES;
				BUNDLE_LOADER = "$(TEST_HOST)";
				CODE_SIGN_STYLE = Automatic;
				CURRENT_PROJECT_VERSION = 1;
				DEVELOPMENT_TEAM = UZC6A6C7FR;
				GENERATE_INFOPLIST_FILE = YES;
				IPHONEOS_DEPLOYMENT_TARGET = 17.5;
				MARKETING_VERSION = 1.0;
				PRODUCT_BUNDLE_IDENTIFIER = "com.shengaike.ios-oc.IOS-SwiftTests";
				PRODUCT_NAME = "$(TARGET_NAME)";
				SWIFT_EMIT_LOC_STRINGS = NO;
				SWIFT_VERSION = 5.0;
				TARGETED_DEVICE_FAMILY = "1,2";
				TEST_HOST = "$(BUILT_PRODUCTS_DIR)/IOS-Swift.app/$(BUNDLE_EXECUTABLE_FOLDER_PATH)/IOS-Swift";
			};
			name = Release;
		};
		43F1516B2C392EFD003584DD /* Debug */ = {
			isa = XCBuildConfiguration;
			baseConfigurationReference = F242E4E9878CA561722659F2 /* Pods-IOS-Swift-IOS-SwiftUITests.debug.xcconfig */;
			buildSettings = {
				ALWAYS_EMBED_SWIFT_STANDARD_LIBRARIES = YES;
				CODE_SIGN_STYLE = Automatic;
				CURRENT_PROJECT_VERSION = 1;
				DEVELOPMENT_TEAM = UZC6A6C7FR;
				GENERATE_INFOPLIST_FILE = YES;
				MARKETING_VERSION = 1.0;
				PRODUCT_BUNDLE_IDENTIFIER = "com.shengaike.ios-oc.IOS-SwiftUITests";
				PRODUCT_NAME = "$(TARGET_NAME)";
				SWIFT_EMIT_LOC_STRINGS = NO;
				SWIFT_VERSION = 5.0;
				TARGETED_DEVICE_FAMILY = "1,2";
				TEST_TARGET_NAME = "IOS-Swift";
			};
			name = Debug;
		};
		43F1516C2C392EFD003584DD /* Release */ = {
			isa = XCBuildConfiguration;
			baseConfigurationReference = 8081C22CA3F27D0D70B351E9 /* Pods-IOS-Swift-IOS-SwiftUITests.release.xcconfig */;
			buildSettings = {
				ALWAYS_EMBED_SWIFT_STANDARD_LIBRARIES = YES;
				CODE_SIGN_STYLE = Automatic;
				CURRENT_PROJECT_VERSION = 1;
				DEVELOPMENT_TEAM = UZC6A6C7FR;
				GENERATE_INFOPLIST_FILE = YES;
				MARKETING_VERSION = 1.0;
				PRODUCT_BUNDLE_IDENTIFIER = "com.shengaike.ios-oc.IOS-SwiftUITests";
				PRODUCT_NAME = "$(TARGET_NAME)";
				SWIFT_EMIT_LOC_STRINGS = NO;
				SWIFT_VERSION = 5.0;
				TARGETED_DEVICE_FAMILY = "1,2";
				TEST_TARGET_NAME = "IOS-Swift";
			};
			name = Release;
		};
/* End XCBuildConfiguration section */

/* Begin XCConfigurationList section */
		43F151352C392EFA003584DD /* Build configuration list for PBXProject "IOS-Swift" */ = {
			isa = XCConfigurationList;
			buildConfigurations = (
				43F151622C392EFD003584DD /* Debug */,
				43F151632C392EFD003584DD /* Release */,
			);
			defaultConfigurationIsVisible = 0;
			defaultConfigurationName = Release;
		};
		43F151642C392EFD003584DD /* Build configuration list for PBXNativeTarget "IOS-Swift" */ = {
			isa = XCConfigurationList;
			buildConfigurations = (
				43F151652C392EFD003584DD /* Debug */,
				43F151662C392EFD003584DD /* Release */,
			);
			defaultConfigurationIsVisible = 0;
			defaultConfigurationName = Release;
		};
		43F151672C392EFD003584DD /* Build configuration list for PBXNativeTarget "IOS-SwiftTests" */ = {
			isa = XCConfigurationList;
			buildConfigurations = (
				43F151682C392EFD003584DD /* Debug */,
				43F151692C392EFD003584DD /* Release */,
			);
			defaultConfigurationIsVisible = 0;
			defaultConfigurationName = Release;
		};
		43F1516A2C392EFD003584DD /* Build configuration list for PBXNativeTarget "IOS-SwiftUITests" */ = {
			isa = XCConfigurationList;
			buildConfigurations = (
				43F1516B2C392EFD003584DD /* Debug */,
				43F1516C2C392EFD003584DD /* Release */,
			);
			defaultConfigurationIsVisible = 0;
			defaultConfigurationName = Release;
		};
/* End XCConfigurationList section */
	};
	rootObject = 43F151322C392EFA003584DD /* Project object */;
}
